// !$*UTF8*$!
{
	archiveVersion = 1;
	classes = {
	};
	objectVersion = 56;
	objects = {

/* Begin PBXBuildFile section */
		3412A18B2CC74A77004451B0 /* HexagonParameters.swift in Sources */ = {isa = PBXBuildFile; fileRef = 3412A18A2CC74A77004451B0 /* HexagonParameters.swift */; };
		3412A18D2CC74B96004451B0 /* BadgeBackground.swift in Sources */ = {isa = PBXBuildFile; fileRef = 3412A18C2CC74B96004451B0 /* BadgeBackground.swift */; };
		3412A1912CC74F10004451B0 /* BadgeSymbol.swift in Sources */ = {isa = PBXBuildFile; fileRef = 3412A1902CC74F10004451B0 /* BadgeSymbol.swift */; };
		3412A1942CC74FD7004451B0 /* RotatedBadgeSymbol.swift in Sources */ = {isa = PBXBuildFile; fileRef = 3412A1932CC74FD7004451B0 /* RotatedBadgeSymbol.swift */; };
		3412A1962CC75116004451B0 /* Badge.swift in Sources */ = {isa = PBXBuildFile; fileRef = 3412A1952CC75116004451B0 /* Badge.swift */; };
		34A1279C2CC496910023787C /* FavoriteButton.swift in Sources */ = {isa = PBXBuildFile; fileRef = 34A1279B2CC496910023787C /* FavoriteButton.swift */; };
		34A3B16E2CBDE1F30077D76D /* landmarkData.json in Resources */ = {isa = PBXBuildFile; fileRef = 34A3B16D2CBDE1F30077D76D /* landmarkData.json */; };
		34A3B1702CBDE6450077D76D /* LandMarkRow.swift in Sources */ = {isa = PBXBuildFile; fileRef = 34A3B16F2CBDE6450077D76D /* LandMarkRow.swift */; };
		34A3B1722CBDE9860077D76D /* Media.xcassets in Resources */ = {isa = PBXBuildFile; fileRef = 34A3B1712CBDE9860077D76D /* Media.xcassets */; };
		34A3B1742CBDF2190077D76D /* LandmarkList.swift in Sources */ = {isa = PBXBuildFile; fileRef = 34A3B1732CBDF2190077D76D /* LandmarkList.swift */; };
		34A3B1762CBDFD450077D76D /* LandmarkDetail.swift in Sources */ = {isa = PBXBuildFile; fileRef = 34A3B1752CBDFD450077D76D /* LandmarkDetail.swift */; };
		34C5B0872CBDD0D100C5B442 /* Landsmark.swift in Sources */ = {isa = PBXBuildFile; fileRef = 34C5B0862CBDD0D100C5B442 /* Landsmark.swift */; };
		34C5B0892CBDD62000C5B442 /* ModelData.swift in Sources */ = {isa = PBXBuildFile; fileRef = 34C5B0882CBDD62000C5B442 /* ModelData.swift */; };
		34E11D5F2CB6AB8000727F20 /* FirstAppApp.swift in Sources */ = {isa = PBXBuildFile; fileRef = 34E11D5E2CB6AB8000727F20 /* FirstAppApp.swift */; };
		34E11D612CB6AB8000727F20 /* ContentView.swift in Sources */ = {isa = PBXBuildFile; fileRef = 34E11D602CB6AB8000727F20 /* ContentView.swift */; };
		34E11D632CB6AB8200727F20 /* Assets.xcassets in Resources */ = {isa = PBXBuildFile; fileRef = 34E11D622CB6AB8200727F20 /* Assets.xcassets */; };
		34E11D662CB6AB8200727F20 /* Preview Assets.xcassets in Resources */ = {isa = PBXBuildFile; fileRef = 34E11D652CB6AB8200727F20 /* Preview Assets.xcassets */; };
		34FCC92F2CBC75B4006B428B /* CircleImage.swift in Sources */ = {isa = PBXBuildFile; fileRef = 34FCC92E2CBC75B4006B428B /* CircleImage.swift */; };
		34FCC9312CBC76D5006B428B /* MapView.swift in Sources */ = {isa = PBXBuildFile; fileRef = 34FCC9302CBC76D5006B428B /* MapView.swift */; };
/* End PBXBuildFile section */

/* Begin PBXFileReference section */
		3412A18A2CC74A77004451B0 /* HexagonParameters.swift */ = {isa = PBXFileReference; lastKnownFileType = sourcecode.swift; path = HexagonParameters.swift; sourceTree = "<group>"; };
		3412A18C2CC74B96004451B0 /* BadgeBackground.swift */ = {isa = PBXFileReference; lastKnownFileType = sourcecode.swift; path = BadgeBackground.swift; sourceTree = "<group>"; };
		3412A1902CC74F10004451B0 /* BadgeSymbol.swift */ = {isa = PBXFileReference; lastKnownFileType = sourcecode.swift; path = BadgeSymbol.swift; sourceTree = "<group>"; };
		3412A1932CC74FD7004451B0 /* RotatedBadgeSymbol.swift */ = {isa = PBXFileReference; lastKnownFileType = sourcecode.swift; path = RotatedBadgeSymbol.swift; sourceTree = "<group>"; };
		3412A1952CC75116004451B0 /* Badge.swift */ = {isa = PBXFileReference; lastKnownFileType = sourcecode.swift; path = Badge.swift; sourceTree = "<group>"; };
		34A1279B2CC496910023787C /* FavoriteButton.swift */ = {isa = PBXFileReference; lastKnownFileType = sourcecode.swift; path = FavoriteButton.swift; sourceTree = "<group>"; };
		34A3B16D2CBDE1F30077D76D /* landmarkData.json */ = {isa = PBXFileReference; fileEncoding = 4; lastKnownFileType = text.json; path = landmarkData.json; sourceTree = "<group>"; };
		34A3B16F2CBDE6450077D76D /* LandMarkRow.swift */ = {isa = PBXFileReference; lastKnownFileType = sourcecode.swift; path = LandMarkRow.swift; sourceTree = "<group>"; };
		34A3B1712CBDE9860077D76D /* Media.xcassets */ = {isa = PBXFileReference; lastKnownFileType = folder.assetcatalog; path = Media.xcassets; sourceTree = "<group>"; };
		34A3B1732CBDF2190077D76D /* LandmarkList.swift */ = {isa = PBXFileReference; lastKnownFileType = sourcecode.swift; path = LandmarkList.swift; sourceTree = "<group>"; };
		34A3B1752CBDFD450077D76D /* LandmarkDetail.swift */ = {isa = PBXFileReference; lastKnownFileType = sourcecode.swift; path = LandmarkDetail.swift; sourceTree = "<group>"; };
		34C5B0862CBDD0D100C5B442 /* Landsmark.swift */ = {isa = PBXFileReference; lastKnownFileType = sourcecode.swift; path = Landsmark.swift; sourceTree = "<group>"; };
		34C5B0882CBDD62000C5B442 /* ModelData.swift */ = {isa = PBXFileReference; lastKnownFileType = sourcecode.swift; path = ModelData.swift; sourceTree = "<group>"; };
		34E11D5B2CB6AB8000727F20 /* FirstApp.app */ = {isa = PBXFileReference; explicitFileType = wrapper.application; includeInIndex = 0; path = FirstApp.app; sourceTree = BUILT_PRODUCTS_DIR; };
		34E11D5E2CB6AB8000727F20 /* FirstAppApp.swift */ = {isa = PBXFileReference; lastKnownFileType = sourcecode.swift; path = FirstAppApp.swift; sourceTree = "<group>"; usesTabs = 0; };
		34E11D602CB6AB8000727F20 /* ContentView.swift */ = {isa = PBXFileReference; lastKnownFileType = sourcecode.swift; path = ContentView.swift; sourceTree = "<group>"; };
		34E11D622CB6AB8200727F20 /* Assets.xcassets */ = {isa = PBXFileReference; lastKnownFileType = folder.assetcatalog; path = Assets.xcassets; sourceTree = "<group>"; };
		34E11D652CB6AB8200727F20 /* Preview Assets.xcassets */ = {isa = PBXFileReference; lastKnownFileType = folder.assetcatalog; path = "Preview Assets.xcassets"; sourceTree = "<group>"; };
		34FCC92E2CBC75B4006B428B /* CircleImage.swift */ = {isa = PBXFileReference; lastKnownFileType = sourcecode.swift; path = CircleImage.swift; sourceTree = "<group>"; };
		34FCC9302CBC76D5006B428B /* MapView.swift */ = {isa = PBXFileReference; lastKnownFileType = sourcecode.swift; path = MapView.swift; sourceTree = "<group>"; };
/* End PBXFileReference section */

/* Begin PBXFrameworksBuildPhase section */
		34E11D582CB6AB8000727F20 /* Frameworks */ = {
			isa = PBXFrameworksBuildPhase;
			buildActionMask = 2147483647;
			files = (
			);
			runOnlyForDeploymentPostprocessing = 0;
		};
/* End PBXFrameworksBuildPhase section */

/* Begin PBXGroup section */
		3412A1922CC74FA5004451B0 /* Badges */ = {
			isa = PBXGroup;
			children = (
				3412A18A2CC74A77004451B0 /* HexagonParameters.swift */,
				3412A18C2CC74B96004451B0 /* BadgeBackground.swift */,
				3412A1902CC74F10004451B0 /* BadgeSymbol.swift */,
				3412A1932CC74FD7004451B0 /* RotatedBadgeSymbol.swift */,
				3412A1952CC75116004451B0 /* Badge.swift */,
			);
			path = Badges;
			sourceTree = "<group>";
		};
		345D629D2CCB24B200B3D5F5 /* Resource */ = {
			isa = PBXGroup;
			children = (
			);
			path = Resource;
			sourceTree = "<group>";
		};
		34A1279E2CC497580023787C /* Landmarks */ = {
			isa = PBXGroup;
			children = (
				34A3B1732CBDF2190077D76D /* LandmarkList.swift */,
				34A3B1752CBDFD450077D76D /* LandmarkDetail.swift */,
				34A3B16F2CBDE6450077D76D /* LandMarkRow.swift */,
			);
			path = Landmarks;
			sourceTree = "<group>";
		};
		34A127A02CC4978E0023787C /* Helper */ = {
			isa = PBXGroup;
			children = (
				34A1279B2CC496910023787C /* FavoriteButton.swift */,
				34FCC9302CBC76D5006B428B /* MapView.swift */,
				34FCC92E2CBC75B4006B428B /* CircleImage.swift */,
			);
			path = Helper;
			sourceTree = "<group>";
		};
		34C5B08A2CBDD91300C5B442 /* Views */ = {
			isa = PBXGroup;
			children = (
				34E11D602CB6AB8000727F20 /* ContentView.swift */,
				3412A1922CC74FA5004451B0 /* Badges */,
				34A127A02CC4978E0023787C /* Helper */,
				34A1279E2CC497580023787C /* Landmarks */,
			);
			path = Views;
			sourceTree = "<group>";
		};
		34C5B08B2CBDD94F00C5B442 /* Model */ = {
			isa = PBXGroup;
			children = (
				34C5B0882CBDD62000C5B442 /* ModelData.swift */,
				34C5B0862CBDD0D100C5B442 /* Landsmark.swift */,
			);
			path = Model;
			sourceTree = "<group>";
		};
		34C5B0902CBDE17F00C5B442 /* Resources */ = {
			isa = PBXGroup;
			children = (
				34A3B16D2CBDE1F30077D76D /* landmarkData.json */,
				34A3B1712CBDE9860077D76D /* Media.xcassets */,
			);
			path = Resources;
			sourceTree = "<group>";
		};
		34E11D522CB6AB8000727F20 = {
			isa = PBXGroup;
			children = (
				345D629D2CCB24B200B3D5F5 /* Resource */,
				34E11D5D2CB6AB8000727F20 /* FirstApp */,
				34E11D5C2CB6AB8000727F20 /* Products */,
			);
			sourceTree = "<group>";
		};
		34E11D5C2CB6AB8000727F20 /* Products */ = {
			isa = PBXGroup;
			children = (
				34E11D5B2CB6AB8000727F20 /* FirstApp.app */,
			);
			name = Products;
			sourceTree = "<group>";
		};
		34E11D5D2CB6AB8000727F20 /* FirstApp */ = {
			isa = PBXGroup;
			children = (
				34E11D5E2CB6AB8000727F20 /* FirstAppApp.swift */,
				34C5B0902CBDE17F00C5B442 /* Resources */,
				34C5B08B2CBDD94F00C5B442 /* Model */,
				34C5B08A2CBDD91300C5B442 /* Views */,
				34E11D622CB6AB8200727F20 /* Assets.xcassets */,
				34E11D642CB6AB8200727F20 /* Preview Content */,
			);
			path = FirstApp;
			sourceTree = "<group>";
		};
		34E11D642CB6AB8200727F20 /* Preview Content */ = {
			isa = PBXGroup;
			children = (
				34E11D652CB6AB8200727F20 /* Preview Assets.xcassets */,
			);
			path = "Preview Content";
			sourceTree = "<group>";
		};
/* End PBXGroup section */

/* Begin PBXNativeTarget section */
		34E11D5A2CB6AB8000727F20 /* FirstApp */ = {
			isa = PBXNativeTarget;
			buildConfigurationList = 34E11D692CB6AB8200727F20 /* Build configuration list for PBXNativeTarget "FirstApp" */;
			buildPhases = (
				34E11D572CB6AB8000727F20 /* Sources */,
				34E11D582CB6AB8000727F20 /* Frameworks */,
				34E11D592CB6AB8000727F20 /* Resources */,
			);
			buildRules = (
			);
			dependencies = (
			);
			name = FirstApp;
			productName = FirstApp;
			productReference = 34E11D5B2CB6AB8000727F20 /* FirstApp.app */;
			productType = "com.apple.product-type.application";
		};
/* End PBXNativeTarget section */

/* Begin PBXProject section */
		34E11D532CB6AB8000727F20 /* Project object */ = {
			isa = PBXProject;
			attributes = {
				BuildIndependentTargetsInParallel = 1;
				LastSwiftUpdateCheck = 1500;
				LastUpgradeCheck = 1500;
				TargetAttributes = {
					34E11D5A2CB6AB8000727F20 = {
						CreatedOnToolsVersion = 15.0.1;
					};
				};
			};
			buildConfigurationList = 34E11D562CB6AB8000727F20 /* Build configuration list for PBXProject "FirstApp" */;
			compatibilityVersion = "Xcode 14.0";
			developmentRegion = en;
			hasScannedForEncodings = 0;
			knownRegions = (
				en,
				Base,
			);
			mainGroup = 34E11D522CB6AB8000727F20;
			productRefGroup = 34E11D5C2CB6AB8000727F20 /* Products */;
			projectDirPath = "";
			projectRoot = "";
			targets = (
				34E11D5A2CB6AB8000727F20 /* FirstApp */,
			);
		};
/* End PBXProject section */

/* Begin PBXResourcesBuildPhase section */
		34E11D592CB6AB8000727F20 /* Resources */ = {
			isa = PBXResourcesBuildPhase;
			buildActionMask = 2147483647;
			files = (
				34E11D662CB6AB8200727F20 /* Preview Assets.xcassets in Resources */,
				34E11D632CB6AB8200727F20 /* Assets.xcassets in Resources */,
				34A3B1722CBDE9860077D76D /* Media.xcassets in Resources */,
				34A3B16E2CBDE1F30077D76D /* landmarkData.json in Resources */,
			);
			runOnlyForDeploymentPostprocessing = 0;
		};
/* End PBXResourcesBuildPhase section */

/* Begin PBXSourcesBuildPhase section */
		34E11D572CB6AB8000727F20 /* Sources */ = {
			isa = PBXSourcesBuildPhase;
			buildActionMask = 2147483647;
			files = (
				34C5B0872CBDD0D100C5B442 /* Landsmark.swift in Sources */,
				3412A1962CC75116004451B0 /* Badge.swift in Sources */,
				34A3B1702CBDE6450077D76D /* LandMarkRow.swift in Sources */,
				34E11D612CB6AB8000727F20 /* ContentView.swift in Sources */,
				34A1279C2CC496910023787C /* FavoriteButton.swift in Sources */,
				3412A18B2CC74A77004451B0 /* HexagonParameters.swift in Sources */,
				3412A1942CC74FD7004451B0 /* RotatedBadgeSymbol.swift in Sources */,
				3412A1912CC74F10004451B0 /* BadgeSymbol.swift in Sources */,
				34A3B1742CBDF2190077D76D /* LandmarkList.swift in Sources */,
				34A3B1762CBDFD450077D76D /* LandmarkDetail.swift in Sources */,
				3412A18D2CC74B96004451B0 /* BadgeBackground.swift in Sources */,
				34FCC9312CBC76D5006B428B /* MapView.swift in Sources */,
				34E11D5F2CB6AB8000727F20 /* FirstAppApp.swift in Sources */,
				34FCC92F2CBC75B4006B428B /* CircleImage.swift in Sources */,
				34C5B0892CBDD62000C5B442 /* ModelData.swift in Sources */,
			);
			runOnlyForDeploymentPostprocessing = 0;
		};
/* End PBXSourcesBuildPhase section */

/* Begin XCBuildConfiguration section */
		34E11D672CB6AB8200727F20 /* Debug */ = {
			isa = XCBuildConfiguration;
			buildSettings = {
				ALWAYS_SEARCH_USER_PATHS = NO;
				ASSETCATALOG_COMPILER_GENERATE_SWIFT_ASSET_SYMBOL_EXTENSIONS = YES;
				CLANG_ANALYZER_NONNULL = YES;
				CLANG_ANALYZER_NUMBER_OBJECT_CONVERSION = YES_AGGRESSIVE;
				CLANG_CXX_LANGUAGE_STANDARD = "gnu++20";
				CLANG_ENABLE_MODULES = YES;
				CLANG_ENABLE_OBJC_ARC = YES;
				CLANG_ENABLE_OBJC_WEAK = YES;
				CLANG_WARN_BLOCK_CAPTURE_AUTORELEASING = YES;
				CLANG_WARN_BOOL_CONVERSION = YES;
				CLANG_WARN_COMMA = YES;
				CLANG_WARN_CONSTANT_CONVERSION = YES;
				CLANG_WARN_DEPRECATED_OBJC_IMPLEMENTATIONS = YES;
				CLANG_WARN_DIRECT_OBJC_ISA_USAGE = YES_ERROR;
				CLANG_WARN_DOCUMENTATION_COMMENTS = YES;
				CLANG_WARN_EMPTY_BODY = YES;
				CLANG_WARN_ENUM_CONVERSION = YES;
				CLANG_WARN_INFINITE_RECURSION = YES;
				CLANG_WARN_INT_CONVERSION = YES;
				CLANG_WARN_NON_LITERAL_NULL_CONVERSION = YES;
				CLANG_WARN_OBJC_IMPLICIT_RETAIN_SELF = YES;
				CLANG_WARN_OBJC_LITERAL_CONVERSION = YES;
				CLANG_WARN_OBJC_ROOT_CLASS = YES_ERROR;
				CLANG_WARN_QUOTED_INCLUDE_IN_FRAMEWORK_HEADER = YES;
				CLANG_WARN_RANGE_LOOP_ANALYSIS = YES;
				CLANG_WARN_STRICT_PROTOTYPES = YES;
				CLANG_WARN_SUSPICIOUS_MOVE = YES;
				CLANG_WARN_UNGUARDED_AVAILABILITY = YES_AGGRESSIVE;
				CLANG_WARN_UNREACHABLE_CODE = YES;
				CLANG_WARN__DUPLICATE_METHOD_MATCH = YES;
				COPY_PHASE_STRIP = NO;
				DEBUG_INFORMATION_FORMAT = dwarf;
				ENABLE_STRICT_OBJC_MSGSEND = YES;
				ENABLE_TESTABILITY = YES;
				ENABLE_USER_SCRIPT_SANDBOXING = YES;
				GCC_C_LANGUAGE_STANDARD = gnu17;
				GCC_DYNAMIC_NO_PIC = NO;
				GCC_NO_COMMON_BLOCKS = YES;
				GCC_OPTIMIZATION_LEVEL = 0;
				GCC_PREPROCESSOR_DEFINITIONS = (
					"DEBUG=1",
					"$(inherited)",
				);
				GCC_WARN_64_TO_32_BIT_CONVERSION = YES;
				GCC_WARN_ABOUT_RETURN_TYPE = YES_ERROR;
				GCC_WARN_UNDECLARED_SELECTOR = YES;
				GCC_WARN_UNINITIALIZED_AUTOS = YES_AGGRESSIVE;
				GCC_WARN_UNUSED_FUNCTION = YES;
				GCC_WARN_UNUSED_VARIABLE = YES;
				IPHONEOS_DEPLOYMENT_TARGET = 17.0;
				LOCALIZATION_PREFERS_STRING_CATALOGS = YES;
				MTL_ENABLE_DEBUG_INFO = INCLUDE_SOURCE;
				MTL_FAST_MATH = YES;
				ONLY_ACTIVE_ARCH = YES;
				SDKROOT = iphoneos;
				SWIFT_ACTIVE_COMPILATION_CONDITIONS = "DEBUG $(inherited)";
				SWIFT_OPTIMIZATION_LEVEL = "-Onone";
			};
			name = Debug;
		};
		34E11D682CB6AB8200727F20 /* Release */ = {
			isa = XCBuildConfiguration;
			buildSettings = {
				ALWAYS_SEARCH_USER_PATHS = NO;
				ASSETCATALOG_COMPILER_GENERATE_SWIFT_ASSET_SYMBOL_EXTENSIONS = YES;
				CLANG_ANALYZER_NONNULL = YES;
				CLANG_ANALYZER_NUMBER_OBJECT_CONVERSION = YES_AGGRESSIVE;
				CLANG_CXX_LANGUAGE_STANDARD = "gnu++20";
				CLANG_ENABLE_MODULES = YES;
				CLANG_ENABLE_OBJC_ARC = YES;
				CLANG_ENABLE_OBJC_WEAK = YES;
				CLANG_WARN_BLOCK_CAPTURE_AUTORELEASING = YES;
				CLANG_WARN_BOOL_CONVERSION = YES;
				CLANG_WARN_COMMA = YES;
				CLANG_WARN_CONSTANT_CONVERSION = YES;
				CLANG_WARN_DEPRECATED_OBJC_IMPLEMENTATIONS = YES;
				CLANG_WARN_DIRECT_OBJC_ISA_USAGE = YES_ERROR;
				CLANG_WARN_DOCUMENTATION_COMMENTS = YES;
				CLANG_WARN_EMPTY_BODY = YES;
				CLANG_WARN_ENUM_CONVERSION = YES;
				CLANG_WARN_INFINITE_RECURSION = YES;
				CLANG_WARN_INT_CONVERSION = YES;
				CLANG_WARN_NON_LITERAL_NULL_CONVERSION = YES;
				CLANG_WARN_OBJC_IMPLICIT_RETAIN_SELF = YES;
				CLANG_WARN_OBJC_LITERAL_CONVERSION = YES;
				CLANG_WARN_OBJC_ROOT_CLASS = YES_ERROR;
				CLANG_WARN_QUOTED_INCLUDE_IN_FRAMEWORK_HEADER = YES;
				CLANG_WARN_RANGE_LOOP_ANALYSIS = YES;
				CLANG_WARN_STRICT_PROTOTYPES = YES;
				CLANG_WARN_SUSPICIOUS_MOVE = YES;
				CLANG_WARN_UNGUARDED_AVAILABILITY = YES_AGGRESSIVE;
				CLANG_WARN_UNREACHABLE_CODE = YES;
				CLANG_WARN__DUPLICATE_METHOD_MATCH = YES;
				COPY_PHASE_STRIP = NO;
				DEBUG_INFORMATION_FORMAT = "dwarf-with-dsym";
				ENABLE_NS_ASSERTIONS = NO;
				ENABLE_STRICT_OBJC_MSGSEND = YES;
				ENABLE_USER_SCRIPT_SANDBOXING = YES;
				GCC_C_LANGUAGE_STANDARD = gnu17;
				GCC_NO_COMMON_BLOCKS = YES;
				GCC_WARN_64_TO_32_BIT_CONVERSION = YES;
				GCC_WARN_ABOUT_RETURN_TYPE = YES_ERROR;
				GCC_WARN_UNDECLARED_SELECTOR = YES;
				GCC_WARN_UNINITIALIZED_AUTOS = YES_AGGRESSIVE;
				GCC_WARN_UNUSED_FUNCTION = YES;
				GCC_WARN_UNUSED_VARIABLE = YES;
				IPHONEOS_DEPLOYMENT_TARGET = 17.0;
				LOCALIZATION_PREFERS_STRING_CATALOGS = YES;
				MTL_ENABLE_DEBUG_INFO = NO;
				MTL_FAST_MATH = YES;
				SDKROOT = iphoneos;
				SWIFT_COMPILATION_MODE = wholemodule;
				VALIDATE_PRODUCT = YES;
			};
			name = Release;
		};
		34E11D6A2CB6AB8200727F20 /* Debug */ = {
			isa = XCBuildConfiguration;
			buildSettings = {
				ASSETCATALOG_COMPILER_APPICON_NAME = AppIcon;
				ASSETCATALOG_COMPILER_GLOBAL_ACCENT_COLOR_NAME = AccentColor;
				CODE_SIGN_STYLE = Automatic;
				CURRENT_PROJECT_VERSION = 1;
				DEVELOPMENT_ASSET_PATHS = "\"FirstApp/Preview Content\"";
				ENABLE_PREVIEWS = YES;
				GENERATE_INFOPLIST_FILE = YES;
				INFOPLIST_KEY_UIApplicationSceneManifest_Generation = YES;
				INFOPLIST_KEY_UIApplicationSupportsIndirectInputEvents = YES;
				INFOPLIST_KEY_UILaunchScreen_Generation = YES;
				INFOPLIST_KEY_UISupportedInterfaceOrientations_iPad = "UIInterfaceOrientationPortrait UIInterfaceOrientationPortraitUpsideDown UIInterfaceOrientationLandscapeLeft UIInterfaceOrientationLandscapeRight";
				INFOPLIST_KEY_UISupportedInterfaceOrientations_iPhone = "UIInterfaceOrientationPortrait UIInterfaceOrientationLandscapeLeft UIInterfaceOrientationLandscapeRight";
				LD_RUNPATH_SEARCH_PATHS = (
					"$(inherited)",
					"@executable_path/Frameworks",
				);
				MARKETING_VERSION = 1.0;
				PRODUCT_BUNDLE_IDENTIFIER = "john-labs.FirstApp";
				PRODUCT_NAME = "$(TARGET_NAME)";
				SWIFT_EMIT_LOC_STRINGS = YES;
				SWIFT_VERSION = 5.0;
				TARGETED_DEVICE_FAMILY = "1,2";
			};
			name = Debug;
		};
		34E11D6B2CB6AB8200727F20 /* Release */ = {
			isa = XCBuildConfiguration;
			buildSettings = {
				ASSETCATALOG_COMPILER_APPICON_NAME = AppIcon;
				ASSETCATALOG_COMPILER_GLOBAL_ACCENT_COLOR_NAME = AccentColor;
				CODE_SIGN_STYLE = Automatic;
				CURRENT_PROJECT_VERSION = 1;
				DEVELOPMENT_ASSET_PATHS = "\"FirstApp/Preview Content\"";
				ENABLE_PREVIEWS = YES;
				GENERATE_INFOPLIST_FILE = YES;
				INFOPLIST_KEY_UIApplicationSceneManifest_Generation = YES;
				INFOPLIST_KEY_UIApplicationSupportsIndirectInputEvents = YES;
				INFOPLIST_KEY_UILaunchScreen_Generation = YES;
				INFOPLIST_KEY_UISupportedInterfaceOrientations_iPad = "UIInterfaceOrientationPortrait UIInterfaceOrientationPortraitUpsideDown UIInterfaceOrientationLandscapeLeft UIInterfaceOrientationLandscapeRight";
				INFOPLIST_KEY_UISupportedInterfaceOrientations_iPhone = "UIInterfaceOrientationPortrait UIInterfaceOrientationLandscapeLeft UIInterfaceOrientationLandscapeRight";
				LD_RUNPATH_SEARCH_PATHS = (
					"$(inherited)",
					"@executable_path/Frameworks",
				);
				MARKETING_VERSION = 1.0;
				PRODUCT_BUNDLE_IDENTIFIER = "john-labs.FirstApp";
				PRODUCT_NAME = "$(TARGET_NAME)";
				SWIFT_EMIT_LOC_STRINGS = YES;
				SWIFT_VERSION = 5.0;
				TARGETED_DEVICE_FAMILY = "1,2";
			};
			name = Release;
		};
/* End XCBuildConfiguration section */

/* Begin XCConfigurationList section */
		34E11D562CB6AB8000727F20 /* Build configuration list for PBXProject "FirstApp" */ = {
			isa = XCConfigurationList;
			buildConfigurations = (
				34E11D672CB6AB8200727F20 /* Debug */,
				34E11D682CB6AB8200727F20 /* Release */,
			);
			defaultConfigurationIsVisible = 0;
			defaultConfigurationName = Release;
		};
		34E11D692CB6AB8200727F20 /* Build configuration list for PBXNativeTarget "FirstApp" */ = {
			isa = XCConfigurationList;
			buildConfigurations = (
				34E11D6A2CB6AB8200727F20 /* Debug */,
				34E11D6B2CB6AB8200727F20 /* Release */,
			);
			defaultConfigurationIsVisible = 0;
			defaultConfigurationName = Release;
		};
/* End XCConfigurationList section */
	};
	rootObject = 34E11D532CB6AB8000727F20 /* Project object */;
}
